{
	"name": "mcp-client",
	"version": "0.0.1",
	"lockfileVersion": 2,
	"requires": true,
	"packages": {
		"": {
			"name": "mcp-client",
			"version": "0.0.1",
			"license": "MIT",
			"dependencies": {
				"axios": "^0.21.1",
				"openai": "^5.5.1"
			},
			"devDependencies": {
				"@types/vscode": "^1.52.0"
			},
			"engines": {
				"vscode": "^1.52.0"
			}
		},
		"node_modules/@types/vscode": {
			"version": "1.52.0",
			"resolved": "https://registry.npmjs.org/@types/vscode/-/vscode-1.52.0.tgz",
			"integrity": "sha512-Kt3bvWzAvvF/WH9YEcrCICDp0Z7aHhJGhLJ1BxeyNP6yRjonWqWnAIh35/pXAjswAnWOABrYlF7SwXR9+1nnLA==",
			"dev": true
		},
		"node_modules/axios": {
			"version": "0.21.4",
			"resolved": "https://registry.npmjs.org/axios/-/axios-0.21.4.tgz",
			"integrity": "sha512-ut5vewkiu8jjGBdqpM44XxjuCjq9LAKeHVmoVfHVzy8eHgxxq8SbAVQNovDA8mVi05kP0Ea/n/UzcSHcTJQfNg==",
			"dependencies": {
				"follow-redirects": "^1.14.0"
			}
		},
		"node_modules/follow-redirects": {
			"version": "1.15.9",
			"resolved": "https://registry.npmjs.org/follow-redirects/-/follow-redirects-1.15.9.tgz",
			"integrity": "sha512-gew4GsXizNgdoRyqmyfMHyAmXsZDk6mHkSxZFCzW9gwlbtOW44CDtYavM+y+72qD/Vq2l550kMF52DT8fOLJqQ==",
			"funding": [
				{
					"type": "individual",
					"url": "https://github.com/sponsors/RubenVerborgh"
				}
			],
			"engines": {
				"node": ">=4.0"
			},
			"peerDependenciesMeta": {
				"debug": {
					"optional": true
				}
			}
		},
		"node_modules/openai": {
			"version": "5.5.1",
			"resolved": "https://registry.npmjs.org/openai/-/openai-5.5.1.tgz",
			"integrity": "sha512-5i19097mGotHA1eFsM6Tjd/tJ8uo9sa5Ysv4Q6bKJ2vtN6rc0MzMrUefXnLXYAJcmMQrC1Efhj0AvfIkXrQamw==",
			"bin": {
				"openai": "bin/cli"
			},
			"peerDependencies": {
				"ws": "^8.18.0",
				"zod": "^3.23.8"
			},
			"peerDependenciesMeta": {
				"ws": {
					"optional": true
				},
				"zod": {
					"optional": true
				}
			}
		}
	},
	"dependencies": {
		"@types/vscode": {
			"version": "1.52.0",
			"resolved": "https://registry.npmjs.org/@types/vscode/-/vscode-1.52.0.tgz",
			"integrity": "sha512-Kt3bvWzAvvF/WH9YEcrCICDp0Z7aHhJGhLJ1BxeyNP6yRjonWqWnAIh35/pXAjswAnWOABrYlF7SwXR9+1nnLA==",
			"dev": true
		},
		"axios": {
			"version": "0.21.4",
			"resolved": "https://registry.npmjs.org/axios/-/axios-0.21.4.tgz",
			"integrity": "sha512-ut5vewkiu8jjGBdqpM44XxjuCjq9LAKeHVmoVfHVzy8eHgxxq8SbAVQNovDA8mVi05kP0Ea/n/UzcSHcTJQfNg==",
			"requires": {
				"follow-redirects": "^1.14.0"
			}
		},
		"follow-redirects": {
			"version": "1.15.9",
			"resolved": "https://registry.npmjs.org/follow-redirects/-/follow-redirects-1.15.9.tgz",
			"integrity": "sha512-gew4GsXizNgdoRyqmyfMHyAmXsZDk6mHkSxZFCzW9gwlbtOW44CDtYavM+y+72qD/Vq2l550kMF52DT8fOLJqQ=="
		},
		"openai": {
			"version": "5.5.1",
			"resolved": "https://registry.npmjs.org/openai/-/openai-5.5.1.tgz",
			"integrity": "sha512-5i19097mGotHA1eFsM6Tjd/tJ8uo9sa5Ysv4Q6bKJ2vtN6rc0MzMrUefXnLXYAJcmMQrC1Efhj0AvfIkXrQamw==",
			"requires": {}
		}
	}
}
